// !$*UTF8*$!
{
	archiveVersion = 1;
	classes = {
	};
	objectVersion = 56;
	objects = {

/* Begin PBXBuildFile section */
		0401C1A62C959A7100542AB3 /* AppUtil.swift in Sources */ = {isa = PBXBuildFile; fileRef = 0401C1A52C959A7100542AB3 /* AppUtil.swift */; };
		0401C1A82C959D2000542AB3 /* UIConfig.swift in Sources */ = {isa = PBXBuildFile; fileRef = 0401C1A72C959D2000542AB3 /* UIConfig.swift */; };
		0401C1AA2C95CE2300542AB3 /* UIView+Extion.swift in Sources */ = {isa = PBXBuildFile; fileRef = 0401C1A92C95CE2300542AB3 /* UIView+Extion.swift */; };
		0401C1AC2C95CED800542AB3 /* UIColor+Extion.swift in Sources */ = {isa = PBXBuildFile; fileRef = 0401C1AB2C95CED800542AB3 /* UIColor+Extion.swift */; };
		0401C1AE2C95D1FF00542AB3 /* UILabel+Extion.swift in Sources */ = {isa = PBXBuildFile; fileRef = 0401C1AD2C95D1FF00542AB3 /* UILabel+Extion.swift */; };
		0401C1B12C95D29500542AB3 /* NSObject+Extension.swift in Sources */ = {isa = PBXBuildFile; fileRef = 0401C1AF2C95D29500542AB3 /* NSObject+Extension.swift */; };
		0401C1B22C95D29500542AB3 /* UIimage+Extension.swift in Sources */ = {isa = PBXBuildFile; fileRef = 0401C1B02C95D29500542AB3 /* UIimage+Extension.swift */; };
		0401C1B62C95D30C00542AB3 /* Storage.swift in Sources */ = {isa = PBXBuildFile; fileRef = 0401C1B32C95D30C00542AB3 /* Storage.swift */; };
		0401C1B72C95D30C00542AB3 /* StorageManager.swift in Sources */ = {isa = PBXBuildFile; fileRef = 0401C1B42C95D30C00542AB3 /* StorageManager.swift */; };
		0401C1BD2C95D44700542AB3 /* BaseSimpleViewController.swift in Sources */ = {isa = PBXBuildFile; fileRef = 0401C1B82C95D44700542AB3 /* BaseSimpleViewController.swift */; };
		0401C1BE2C95D44700542AB3 /* BaseViewController.swift in Sources */ = {isa = PBXBuildFile; fileRef = 0401C1B92C95D44700542AB3 /* BaseViewController.swift */; };
		0401C1C02C95D55200542AB3 /* WRCustomNavigationBar.swift in Sources */ = {isa = PBXBuildFile; fileRef = 0401C1BF2C95D55200542AB3 /* WRCustomNavigationBar.swift */; };
		0401C1C22C95D62C00542AB3 /* importHeader.swift in Sources */ = {isa = PBXBuildFile; fileRef = 0401C1C12C95D62C00542AB3 /* importHeader.swift */; };
		0401C1C42C95D6BD00542AB3 /* VC+Extion.swift in Sources */ = {isa = PBXBuildFile; fileRef = 0401C1C32C95D6BD00542AB3 /* VC+Extion.swift */; };
		0401C1C92C95DB5500542AB3 /* TabBarConfigure.swift in Sources */ = {isa = PBXBuildFile; fileRef = 0401C1C52C95DB5500542AB3 /* TabBarConfigure.swift */; };
		0401C1CA2C95DB5500542AB3 /* TabBarControllerConfig.swift in Sources */ = {isa = PBXBuildFile; fileRef = 0401C1C62C95DB5500542AB3 /* TabBarControllerConfig.swift */; };
		0401C1CB2C95DB5500542AB3 /* TabBar.swift in Sources */ = {isa = PBXBuildFile; fileRef = 0401C1C72C95DB5500542AB3 /* TabBar.swift */; };
		0401C1CC2C95DB5500542AB3 /* TabBarController.swift in Sources */ = {isa = PBXBuildFile; fileRef = 0401C1C82C95DB5500542AB3 /* TabBarController.swift */; };
		0401C1CE2C95DBC800542AB3 /* BaseNavigationController.swift in Sources */ = {isa = PBXBuildFile; fileRef = 0401C1CD2C95DBC800542AB3 /* BaseNavigationController.swift */; };
		0401C1D02C95DCCA00542AB3 /* UIFastCreatTool.swift in Sources */ = {isa = PBXBuildFile; fileRef = 0401C1CF2C95DCCA00542AB3 /* UIFastCreatTool.swift */; };
		0401C1D22C95DDCB00542AB3 /* HomeVC.swift in Sources */ = {isa = PBXBuildFile; fileRef = 0401C1D12C95DDCB00542AB3 /* HomeVC.swift */; };
		0401C1D42C95DDDC00542AB3 /* AllToolsVC.swift in Sources */ = {isa = PBXBuildFile; fileRef = 0401C1D32C95DDDC00542AB3 /* AllToolsVC.swift */; };
		0401C1D62C95DDF000542AB3 /* JNHistoryVC.swift in Sources */ = {isa = PBXBuildFile; fileRef = 0401C1D52C95DDF000542AB3 /* JNHistoryVC.swift */; };
		0401C1D82C95DE8E00542AB3 /* NSString+Extion.swift in Sources */ = {isa = PBXBuildFile; fileRef = 0401C1D72C95DE8E00542AB3 /* NSString+Extion.swift */; };
		0401C1DD2C95DFB100542AB3 /* Localizable.strings in Resources */ = {isa = PBXBuildFile; fileRef = 0401C1DB2C95DFB100542AB3 /* Localizable.strings */; };
		040A31E82C9F0266003A2059 /* ProgressHUD.swift in Sources */ = {isa = PBXBuildFile; fileRef = 040A31E62C9F0266003A2059 /* ProgressHUD.swift */; };
		040A31ED2C9F0548003A2059 /* ZCycleLayout.swift in Sources */ = {isa = PBXBuildFile; fileRef = 040A31E92C9F0548003A2059 /* ZCycleLayout.swift */; };
		040A31EE2C9F0548003A2059 /* ZCycleView.swift in Sources */ = {isa = PBXBuildFile; fileRef = 040A31EA2C9F0548003A2059 /* ZCycleView.swift */; };
		040A31EF2C9F0548003A2059 /* ZPageControl.swift in Sources */ = {isa = PBXBuildFile; fileRef = 040A31EB2C9F0548003A2059 /* ZPageControl.swift */; };
		040A31F12C9F0710003A2059 /* GCD+Extion.swift in Sources */ = {isa = PBXBuildFile; fileRef = 040A31F02C9F0710003A2059 /* GCD+Extion.swift */; };
		040A31F32C9F13A9003A2059 /* ImageGalleryViewController.swift in Sources */ = {isa = PBXBuildFile; fileRef = 040A31F22C9F13A9003A2059 /* ImageGalleryViewController.swift */; };
		040A31F52C9FCCF9003A2059 /* PDFToSingleImageConverter.swift in Sources */ = {isa = PBXBuildFile; fileRef = 040A31F42C9FCCF9003A2059 /* PDFToSingleImageConverter.swift */; };
		040A31F82CA12060003A2059 /* JNPictureChooseVC.swift in Sources */ = {isa = PBXBuildFile; fileRef = 040A31F72CA12060003A2059 /* JNPictureChooseVC.swift */; };
		040A31FA2CA15C0F003A2059 /* JNConversationVC.swift in Sources */ = {isa = PBXBuildFile; fileRef = 040A31F92CA15C0F003A2059 /* JNConversationVC.swift */; };
		040A31FC2CA16527003A2059 /* tableViewCell+Extion.swift in Sources */ = {isa = PBXBuildFile; fileRef = 040A31FB2CA16527003A2059 /* tableViewCell+Extion.swift */; };
		0428AFAF2C9C16A000890024 /* PopupSelectionView.swift in Sources */ = {isa = PBXBuildFile; fileRef = 0428AFAE2C9C16A000890024 /* PopupSelectionView.swift */; };
		0428AFB12C9D197C00890024 /* JNSearchViewController.swift in Sources */ = {isa = PBXBuildFile; fileRef = 0428AFB02C9D197C00890024 /* JNSearchViewController.swift */; };
		0428AFB42C9D227B00890024 /* JNUrlPopView.swift in Sources */ = {isa = PBXBuildFile; fileRef = 0428AFB32C9D227B00890024 /* JNUrlPopView.swift */; };
		0428AFB72C9D9FF300890024 /* JNWebToPDFVC.swift in Sources */ = {isa = PBXBuildFile; fileRef = 0428AFB62C9D9FF300890024 /* JNWebToPDFVC.swift */; };
		04934BB82C957FE000A05D31 /* Base in Resources */ = {isa = PBXBuildFile; fileRef = 04934BB72C957FE000A05D31 /* Base */; };
		04934BBA2C957FE200A05D31 /* Assets.xcassets in Resources */ = {isa = PBXBuildFile; fileRef = 04934BB92C957FE200A05D31 /* Assets.xcassets */; };
		04934BBD2C957FE200A05D31 /* Base in Resources */ = {isa = PBXBuildFile; fileRef = 04934BBC2C957FE200A05D31 /* Base */; };
		04934BCD2C95814F00A05D31 /* AppDelegate.swift in Sources */ = {isa = PBXBuildFile; fileRef = 04934BC52C95814F00A05D31 /* AppDelegate.swift */; };
		04934BCF2C95814F00A05D31 /* ViewController.swift in Sources */ = {isa = PBXBuildFile; fileRef = 04934BC72C95814F00A05D31 /* ViewController.swift */; };
		04934BD12C9583F200A05D31 /* JNDefine.swift in Sources */ = {isa = PBXBuildFile; fileRef = 04934BD02C9583F200A05D31 /* JNDefine.swift */; };
		04CC24472C9EDED2007A79A3 /* JNFileToPDFVC.swift in Sources */ = {isa = PBXBuildFile; fileRef = 04CC24462C9EDED2007A79A3 /* JNFileToPDFVC.swift */; };
		04CC244D2C9EF612007A79A3 /* JNFileToImageConverter.swift in Sources */ = {isa = PBXBuildFile; fileRef = 04CC244C2C9EF612007A79A3 /* JNFileToImageConverter.swift */; };
		04DC758C2C9AC4CF00A70D5C /* UIimage+Extion.swift in Sources */ = {isa = PBXBuildFile; fileRef = 04DC758B2C9AC4CF00A70D5C /* UIimage+Extion.swift */; };
		04DC75A62C9AE57D00A70D5C /* BTBubble+Check.swift in Sources */ = {isa = PBXBuildFile; fileRef = 04DC759E2C9AE57D00A70D5C /* BTBubble+Check.swift */; };
		04DC75A72C9AE57D00A70D5C /* BTBubble.swift in Sources */ = {isa = PBXBuildFile; fileRef = 04DC759F2C9AE57D00A70D5C /* BTBubble.swift */; };
		04DC75A82C9AE57D00A70D5C /* BTBubble+Menu.swift in Sources */ = {isa = PBXBuildFile; fileRef = 04DC75A02C9AE57D00A70D5C /* BTBubble+Menu.swift */; };
		04DC75A92C9AE57D00A70D5C /* BTBubble+Draw.swift in Sources */ = {isa = PBXBuildFile; fileRef = 04DC75A12C9AE57D00A70D5C /* BTBubble+Draw.swift */; };
		04DC75AA2C9AE57D00A70D5C /* BubbleTools.swift in Sources */ = {isa = PBXBuildFile; fileRef = 04DC75A22C9AE57D00A70D5C /* BubbleTools.swift */; };
		04DC75AB2C9AE57D00A70D5C /* BTBubbleConfig.swift in Sources */ = {isa = PBXBuildFile; fileRef = 04DC75A32C9AE57D00A70D5C /* BTBubbleConfig.swift */; };
		04DC75AC2C9AE57D00A70D5C /* BTBubble+Animation.swift in Sources */ = {isa = PBXBuildFile; fileRef = 04DC75A42C9AE57D00A70D5C /* BTBubble+Animation.swift */; };
		04DC75AD2C9AE57D00A70D5C /* BTBubble+Location.swift in Sources */ = {isa = PBXBuildFile; fileRef = 04DC75A52C9AE57D00A70D5C /* BTBubble+Location.swift */; };
		F50FA60A2CF6BFCB400179CE /* Pods_JNPDFConvert.framework in Frameworks */ = {isa = PBXBuildFile; fileRef = 5CF8042F63AC894EFCC32842 /* Pods_JNPDFConvert.framework */; };
/* End PBXBuildFile section */

/* Begin PBXFileReference section */
		0401C1A52C959A7100542AB3 /* AppUtil.swift */ = {isa = PBXFileReference; lastKnownFileType = sourcecode.swift; path = AppUtil.swift; sourceTree = "<group>"; };
		0401C1A72C959D2000542AB3 /* UIConfig.swift */ = {isa = PBXFileReference; lastKnownFileType = sourcecode.swift; path = UIConfig.swift; sourceTree = "<group>"; };
		0401C1A92C95CE2300542AB3 /* UIView+Extion.swift */ = {isa = PBXFileReference; lastKnownFileType = sourcecode.swift; path = "UIView+Extion.swift"; sourceTree = "<group>"; };
		0401C1AB2C95CED800542AB3 /* UIColor+Extion.swift */ = {isa = PBXFileReference; lastKnownFileType = sourcecode.swift; path = "UIColor+Extion.swift"; sourceTree = "<group>"; };
		0401C1AD2C95D1FF00542AB3 /* UILabel+Extion.swift */ = {isa = PBXFileReference; lastKnownFileType = sourcecode.swift; path = "UILabel+Extion.swift"; sourceTree = "<group>"; };
		0401C1AF2C95D29500542AB3 /* NSObject+Extension.swift */ = {isa = PBXFileReference; fileEncoding = 4; lastKnownFileType = sourcecode.swift; path = "NSObject+Extension.swift"; sourceTree = "<group>"; };
		0401C1B02C95D29500542AB3 /* UIimage+Extension.swift */ = {isa = PBXFileReference; fileEncoding = 4; lastKnownFileType = sourcecode.swift; path = "UIimage+Extension.swift"; sourceTree = "<group>"; };
		0401C1B32C95D30C00542AB3 /* Storage.swift */ = {isa = PBXFileReference; fileEncoding = 4; lastKnownFileType = sourcecode.swift; path = Storage.swift; sourceTree = "<group>"; };
		0401C1B42C95D30C00542AB3 /* StorageManager.swift */ = {isa = PBXFileReference; fileEncoding = 4; lastKnownFileType = sourcecode.swift; path = StorageManager.swift; sourceTree = "<group>"; };
		0401C1B82C95D44700542AB3 /* BaseSimpleViewController.swift */ = {isa = PBXFileReference; fileEncoding = 4; lastKnownFileType = sourcecode.swift; path = BaseSimpleViewController.swift; sourceTree = "<group>"; };
		0401C1B92C95D44700542AB3 /* BaseViewController.swift */ = {isa = PBXFileReference; fileEncoding = 4; lastKnownFileType = sourcecode.swift; path = BaseViewController.swift; sourceTree = "<group>"; };
		0401C1BF2C95D55200542AB3 /* WRCustomNavigationBar.swift */ = {isa = PBXFileReference; fileEncoding = 4; lastKnownFileType = sourcecode.swift; path = WRCustomNavigationBar.swift; sourceTree = "<group>"; };
		0401C1C12C95D62C00542AB3 /* importHeader.swift */ = {isa = PBXFileReference; lastKnownFileType = sourcecode.swift; path = importHeader.swift; sourceTree = "<group>"; };
		0401C1C32C95D6BD00542AB3 /* VC+Extion.swift */ = {isa = PBXFileReference; lastKnownFileType = sourcecode.swift; path = "VC+Extion.swift"; sourceTree = "<group>"; };
		0401C1C52C95DB5500542AB3 /* TabBarConfigure.swift */ = {isa = PBXFileReference; fileEncoding = 4; lastKnownFileType = sourcecode.swift; path = TabBarConfigure.swift; sourceTree = "<group>"; };
		0401C1C62C95DB5500542AB3 /* TabBarControllerConfig.swift */ = {isa = PBXFileReference; fileEncoding = 4; lastKnownFileType = sourcecode.swift; path = TabBarControllerConfig.swift; sourceTree = "<group>"; };
		0401C1C72C95DB5500542AB3 /* TabBar.swift */ = {isa = PBXFileReference; fileEncoding = 4; lastKnownFileType = sourcecode.swift; path = TabBar.swift; sourceTree = "<group>"; };
		0401C1C82C95DB5500542AB3 /* TabBarController.swift */ = {isa = PBXFileReference; fileEncoding = 4; lastKnownFileType = sourcecode.swift; path = TabBarController.swift; sourceTree = "<group>"; };
		0401C1CD2C95DBC800542AB3 /* BaseNavigationController.swift */ = {isa = PBXFileReference; lastKnownFileType = sourcecode.swift; path = BaseNavigationController.swift; sourceTree = "<group>"; };
		0401C1CF2C95DCCA00542AB3 /* UIFastCreatTool.swift */ = {isa = PBXFileReference; lastKnownFileType = sourcecode.swift; path = UIFastCreatTool.swift; sourceTree = "<group>"; };
		0401C1D12C95DDCB00542AB3 /* HomeVC.swift */ = {isa = PBXFileReference; lastKnownFileType = sourcecode.swift; path = HomeVC.swift; sourceTree = "<group>"; };
		0401C1D32C95DDDC00542AB3 /* AllToolsVC.swift */ = {isa = PBXFileReference; lastKnownFileType = sourcecode.swift; path = AllToolsVC.swift; sourceTree = "<group>"; };
		0401C1D52C95DDF000542AB3 /* JNHistoryVC.swift */ = {isa = PBXFileReference; lastKnownFileType = sourcecode.swift; path = JNHistoryVC.swift; sourceTree = "<group>"; };
		0401C1D72C95DE8E00542AB3 /* NSString+Extion.swift */ = {isa = PBXFileReference; lastKnownFileType = sourcecode.swift; path = "NSString+Extion.swift"; sourceTree = "<group>"; };
		0401C1D92C95DF5A00542AB3 /* zh-Hans */ = {isa = PBXFileReference; lastKnownFileType = text.plist.strings; name = "zh-Hans"; path = "zh-Hans.lproj/Main.strings"; sourceTree = "<group>"; };
		0401C1DA2C95DF5A00542AB3 /* zh-Hans */ = {isa = PBXFileReference; lastKnownFileType = text.plist.strings; name = "zh-Hans"; path = "zh-Hans.lproj/LaunchScreen.strings"; sourceTree = "<group>"; };
		0401C1DC2C95DFB100542AB3 /* en */ = {isa = PBXFileReference; lastKnownFileType = text.plist.strings; name = en; path = en.lproj/Localizable.strings; sourceTree = "<group>"; };
		0401C1DE2C95DFCC00542AB3 /* zh-Hans */ = {isa = PBXFileReference; lastKnownFileType = text.plist.strings; name = "zh-Hans"; path = "zh-Hans.lproj/Localizable.strings"; sourceTree = "<group>"; };
		040A31E62C9F0266003A2059 /* ProgressHUD.swift */ = {isa = PBXFileReference; fileEncoding = 4; lastKnownFileType = sourcecode.swift; path = ProgressHUD.swift; sourceTree = "<group>"; };
		040A31E92C9F0548003A2059 /* ZCycleLayout.swift */ = {isa = PBXFileReference; fileEncoding = 4; lastKnownFileType = sourcecode.swift; path = ZCycleLayout.swift; sourceTree = "<group>"; };
		040A31EA2C9F0548003A2059 /* ZCycleView.swift */ = {isa = PBXFileReference; fileEncoding = 4; lastKnownFileType = sourcecode.swift; path = ZCycleView.swift; sourceTree = "<group>"; };
		040A31EB2C9F0548003A2059 /* ZPageControl.swift */ = {isa = PBXFileReference; fileEncoding = 4; lastKnownFileType = sourcecode.swift; path = ZPageControl.swift; sourceTree = "<group>"; };
		040A31F02C9F0710003A2059 /* GCD+Extion.swift */ = {isa = PBXFileReference; lastKnownFileType = sourcecode.swift; path = "GCD+Extion.swift"; sourceTree = "<group>"; };
		040A31F22C9F13A9003A2059 /* ImageGalleryViewController.swift */ = {isa = PBXFileReference; lastKnownFileType = sourcecode.swift; path = ImageGalleryViewController.swift; sourceTree = "<group>"; };
		040A31F42C9FCCF9003A2059 /* PDFToSingleImageConverter.swift */ = {isa = PBXFileReference; lastKnownFileType = sourcecode.swift; path = PDFToSingleImageConverter.swift; sourceTree = "<group>"; };
		040A31F72CA12060003A2059 /* JNPictureChooseVC.swift */ = {isa = PBXFileReference; lastKnownFileType = sourcecode.swift; path = JNPictureChooseVC.swift; sourceTree = "<group>"; };
		040A31F92CA15C0F003A2059 /* JNConversationVC.swift */ = {isa = PBXFileReference; lastKnownFileType = sourcecode.swift; path = JNConversationVC.swift; sourceTree = "<group>"; };
		040A31FB2CA16527003A2059 /* tableViewCell+Extion.swift */ = {isa = PBXFileReference; lastKnownFileType = sourcecode.swift; path = "tableViewCell+Extion.swift"; sourceTree = "<group>"; };
		0428AFAE2C9C16A000890024 /* PopupSelectionView.swift */ = {isa = PBXFileReference; lastKnownFileType = sourcecode.swift; path = PopupSelectionView.swift; sourceTree = "<group>"; };
		0428AFB02C9D197C00890024 /* JNSearchViewController.swift */ = {isa = PBXFileReference; lastKnownFileType = sourcecode.swift; path = JNSearchViewController.swift; sourceTree = "<group>"; };
		0428AFB32C9D227B00890024 /* JNUrlPopView.swift */ = {isa = PBXFileReference; lastKnownFileType = sourcecode.swift; path = JNUrlPopView.swift; sourceTree = "<group>"; };
		0428AFB62C9D9FF300890024 /* JNWebToPDFVC.swift */ = {isa = PBXFileReference; lastKnownFileType = sourcecode.swift; path = JNWebToPDFVC.swift; sourceTree = "<group>"; };
		0428AFB82C9DA1C200890024 /* JNPDFConvert-Bridging-Header.h */ = {isa = PBXFileReference; lastKnownFileType = sourcecode.c.h; path = "JNPDFConvert-Bridging-Header.h"; sourceTree = "<group>"; };
		04934BAD2C957FE000A05D31 /* JNPDFConvert.app */ = {isa = PBXFileReference; explicitFileType = wrapper.application; includeInIndex = 0; path = JNPDFConvert.app; sourceTree = BUILT_PRODUCTS_DIR; };
		04934BB72C957FE000A05D31 /* Base */ = {isa = PBXFileReference; lastKnownFileType = file.storyboard; name = Base; path = Base.lproj/Main.storyboard; sourceTree = "<group>"; };
		04934BB92C957FE200A05D31 /* Assets.xcassets */ = {isa = PBXFileReference; lastKnownFileType = folder.assetcatalog; path = Assets.xcassets; sourceTree = "<group>"; };
		04934BBC2C957FE200A05D31 /* Base */ = {isa = PBXFileReference; lastKnownFileType = file.storyboard; name = Base; path = Base.lproj/LaunchScreen.storyboard; sourceTree = "<group>"; };
		04934BBE2C957FE200A05D31 /* Info.plist */ = {isa = PBXFileReference; lastKnownFileType = text.plist.xml; path = Info.plist; sourceTree = "<group>"; };
		04934BC52C95814F00A05D31 /* AppDelegate.swift */ = {isa = PBXFileReference; fileEncoding = 4; lastKnownFileType = sourcecode.swift; path = AppDelegate.swift; sourceTree = "<group>"; };
		04934BC72C95814F00A05D31 /* ViewController.swift */ = {isa = PBXFileReference; fileEncoding = 4; lastKnownFileType = sourcecode.swift; path = ViewController.swift; sourceTree = "<group>"; };
		04934BD02C9583F200A05D31 /* JNDefine.swift */ = {isa = PBXFileReference; lastKnownFileType = sourcecode.swift; path = JNDefine.swift; sourceTree = "<group>"; };
		04CC24462C9EDED2007A79A3 /* JNFileToPDFVC.swift */ = {isa = PBXFileReference; lastKnownFileType = sourcecode.swift; path = JNFileToPDFVC.swift; sourceTree = "<group>"; };
		04CC244C2C9EF612007A79A3 /* JNFileToImageConverter.swift */ = {isa = PBXFileReference; lastKnownFileType = sourcecode.swift; path = JNFileToImageConverter.swift; sourceTree = "<group>"; };
		04DC758B2C9AC4CF00A70D5C /* UIimage+Extion.swift */ = {isa = PBXFileReference; lastKnownFileType = sourcecode.swift; path = "UIimage+Extion.swift"; sourceTree = "<group>"; };
		04DC759E2C9AE57D00A70D5C /* BTBubble+Check.swift */ = {isa = PBXFileReference; fileEncoding = 4; lastKnownFileType = sourcecode.swift; path = "BTBubble+Check.swift"; sourceTree = "<group>"; };
		04DC759F2C9AE57D00A70D5C /* BTBubble.swift */ = {isa = PBXFileReference; fileEncoding = 4; lastKnownFileType = sourcecode.swift; path = BTBubble.swift; sourceTree = "<group>"; };
		04DC75A02C9AE57D00A70D5C /* BTBubble+Menu.swift */ = {isa = PBXFileReference; fileEncoding = 4; lastKnownFileType = sourcecode.swift; path = "BTBubble+Menu.swift"; sourceTree = "<group>"; };
		04DC75A12C9AE57D00A70D5C /* BTBubble+Draw.swift */ = {isa = PBXFileReference; fileEncoding = 4; lastKnownFileType = sourcecode.swift; path = "BTBubble+Draw.swift"; sourceTree = "<group>"; };
		04DC75A22C9AE57D00A70D5C /* BubbleTools.swift */ = {isa = PBXFileReference; fileEncoding = 4; lastKnownFileType = sourcecode.swift; path = BubbleTools.swift; sourceTree = "<group>"; };
		04DC75A32C9AE57D00A70D5C /* BTBubbleConfig.swift */ = {isa = PBXFileReference; fileEncoding = 4; lastKnownFileType = sourcecode.swift; path = BTBubbleConfig.swift; sourceTree = "<group>"; };
		04DC75A42C9AE57D00A70D5C /* BTBubble+Animation.swift */ = {isa = PBXFileReference; fileEncoding = 4; lastKnownFileType = sourcecode.swift; path = "BTBubble+Animation.swift"; sourceTree = "<group>"; };
		04DC75A52C9AE57D00A70D5C /* BTBubble+Location.swift */ = {isa = PBXFileReference; fileEncoding = 4; lastKnownFileType = sourcecode.swift; path = "BTBubble+Location.swift"; sourceTree = "<group>"; };
		4415FF95B5387420C938B269 /* Pods-JNPDFConvert.debug.xcconfig */ = {isa = PBXFileReference; includeInIndex = 1; lastKnownFileType = text.xcconfig; name = "Pods-JNPDFConvert.debug.xcconfig"; path = "Target Support Files/Pods-JNPDFConvert/Pods-JNPDFConvert.debug.xcconfig"; sourceTree = "<group>"; };
		4F6A63501624F15E5B73DFDB /* Pods-JNPDFConvert.release.xcconfig */ = {isa = PBXFileReference; includeInIndex = 1; lastKnownFileType = text.xcconfig; name = "Pods-JNPDFConvert.release.xcconfig"; path = "Target Support Files/Pods-JNPDFConvert/Pods-JNPDFConvert.release.xcconfig"; sourceTree = "<group>"; };
		5CF8042F63AC894EFCC32842 /* Pods_JNPDFConvert.framework */ = {isa = PBXFileReference; explicitFileType = wrapper.framework; includeInIndex = 0; path = Pods_JNPDFConvert.framework; sourceTree = BUILT_PRODUCTS_DIR; };
/* End PBXFileReference section */

/* Begin PBXFrameworksBuildPhase section */
		04934BAA2C957FE000A05D31 /* Frameworks */ = {
			isa = PBXFrameworksBuildPhase;
			buildActionMask = 2147483647;
			files = (
				F50FA60A2CF6BFCB400179CE /* Pods_JNPDFConvert.framework in Frameworks */,
			);
			runOnlyForDeploymentPostprocessing = 0;
		};
/* End PBXFrameworksBuildPhase section */

/* Begin PBXGroup section */
		0401C1A42C959A5A00542AB3 /* Utils */ = {
			isa = PBXGroup;
			children = (
				0401C1AF2C95D29500542AB3 /* NSObject+Extension.swift */,
				0401C1B02C95D29500542AB3 /* UIimage+Extension.swift */,
				0401C1A52C959A7100542AB3 /* AppUtil.swift */,
				0401C1A72C959D2000542AB3 /* UIConfig.swift */,
				0401C1A92C95CE2300542AB3 /* UIView+Extion.swift */,
				0401C1AB2C95CED800542AB3 /* UIColor+Extion.swift */,
				0401C1AD2C95D1FF00542AB3 /* UILabel+Extion.swift */,
				0401C1C32C95D6BD00542AB3 /* VC+Extion.swift */,
				0401C1C12C95D62C00542AB3 /* importHeader.swift */,
				0401C1CF2C95DCCA00542AB3 /* UIFastCreatTool.swift */,
				0401C1D72C95DE8E00542AB3 /* NSString+Extion.swift */,
				04DC758B2C9AC4CF00A70D5C /* UIimage+Extion.swift */,
				040A31FB2CA16527003A2059 /* tableViewCell+Extion.swift */,
				040A31F02C9F0710003A2059 /* GCD+Extion.swift */,
				040A31F42C9FCCF9003A2059 /* PDFToSingleImageConverter.swift */,
			);
			path = Utils;
			sourceTree = "<group>";
		};
		0401C1B52C95D30C00542AB3 /* Caches */ = {
			isa = PBXGroup;
			children = (
				0401C1B32C95D30C00542AB3 /* Storage.swift */,
				0401C1B42C95D30C00542AB3 /* StorageManager.swift */,
			);
			path = Caches;
			sourceTree = "<group>";
		};
		0401C1BA2C95D44700542AB3 /* baseVC */ = {
			isa = PBXGroup;
			children = (
				0401C1B82C95D44700542AB3 /* BaseSimpleViewController.swift */,
				0401C1B92C95D44700542AB3 /* BaseViewController.swift */,
			);
			path = baseVC;
			sourceTree = "<group>";
		};
		0401C1BB2C95D44700542AB3 /* Nav */ = {
			isa = PBXGroup;
			children = (
				0401C1BF2C95D55200542AB3 /* WRCustomNavigationBar.swift */,
				0401C1CD2C95DBC800542AB3 /* BaseNavigationController.swift */,
			);
			path = Nav;
			sourceTree = "<group>";
		};
		0401C1BC2C95D44700542AB3 /* Tabbar */ = {
			isa = PBXGroup;
			children = (
				0401C1C72C95DB5500542AB3 /* TabBar.swift */,
				0401C1C52C95DB5500542AB3 /* TabBarConfigure.swift */,
				0401C1C82C95DB5500542AB3 /* TabBarController.swift */,
				0401C1C62C95DB5500542AB3 /* TabBarControllerConfig.swift */,
			);
			path = Tabbar;
			sourceTree = "<group>";
		};
		040A31E72C9F0266003A2059 /* ProgressHUD */ = {
			isa = PBXGroup;
			children = (
				040A31E62C9F0266003A2059 /* ProgressHUD.swift */,
			);
			path = ProgressHUD;
			sourceTree = "<group>";
		};
		040A31EC2C9F0548003A2059 /* cycleView */ = {
			isa = PBXGroup;
			children = (
				040A31E92C9F0548003A2059 /* ZCycleLayout.swift */,
				040A31EA2C9F0548003A2059 /* ZCycleView.swift */,
				040A31EB2C9F0548003A2059 /* ZPageControl.swift */,
			);
			path = cycleView;
			sourceTree = "<group>";
		};
		040A31F62CA12024003A2059 /* sub */ = {
			isa = PBXGroup;
			children = (
				040A31F72CA12060003A2059 /* JNPictureChooseVC.swift */,
			);
			path = sub;
			sourceTree = "<group>";
		};
		0428AFB22C9D226600890024 /* view */ = {
			isa = PBXGroup;
			children = (
				0428AFB32C9D227B00890024 /* JNUrlPopView.swift */,
				040A31F92CA15C0F003A2059 /* JNConversationVC.swift */,
			);
			path = view;
			sourceTree = "<group>";
		};
		0428AFB52C9D9FCC00890024 /* sub */ = {
			isa = PBXGroup;
			children = (
				0428AFB62C9D9FF300890024 /* JNWebToPDFVC.swift */,
				04CC24462C9EDED2007A79A3 /* JNFileToPDFVC.swift */,
				040A31F22C9F13A9003A2059 /* ImageGalleryViewController.swift */,
			);
			path = sub;
			sourceTree = "<group>";
		};
		04934BA42C957FE000A05D31 = {
			isa = PBXGroup;
			children = (
				04934BAF2C957FE000A05D31 /* JNPDFConvert */,
				04934BAE2C957FE000A05D31 /* Products */,
				C5881CF4E77A3B05A3E58E3D /* Pods */,
				DF6D6D64243998D6F7C938E3 /* Frameworks */,
			);
			sourceTree = "<group>";
		};
		04934BAE2C957FE000A05D31 /* Products */ = {
			isa = PBXGroup;
			children = (
				04934BAD2C957FE000A05D31 /* JNPDFConvert.app */,
			);
			name = Products;
			sourceTree = "<group>";
		};
		04934BAF2C957FE000A05D31 /* JNPDFConvert */ = {
			isa = PBXGroup;
			children = (
				04934BC82C95814F00A05D31 /* BaseModule */,
				04934BC42C95814F00A05D31 /* All Tools */,
				04934BCC2C95814F00A05D31 /* Home */,
				04934BC92C95814F00A05D31 /* History */,
				04934BCA2C95814F00A05D31 /* JNTool */,
				04934BCB2C95814F00A05D31 /* third */,
				04934BBE2C957FE200A05D31 /* Info.plist */,
				04934BB92C957FE200A05D31 /* Assets.xcassets */,
			);
			path = JNPDFConvert;
			sourceTree = "<group>";
		};
		04934BC42C95814F00A05D31 /* All Tools */ = {
			isa = PBXGroup;
			children = (
				0401C1D32C95DDDC00542AB3 /* AllToolsVC.swift */,
				0428AFB52C9D9FCC00890024 /* sub */,
				0428AFB22C9D226600890024 /* view */,
			);
			path = "All Tools";
			sourceTree = "<group>";
		};
		04934BC82C95814F00A05D31 /* BaseModule */ = {
			isa = PBXGroup;
			children = (
				0401C1BA2C95D44700542AB3 /* baseVC */,
				0401C1BB2C95D44700542AB3 /* Nav */,
				0401C1BC2C95D44700542AB3 /* Tabbar */,
				04934BB62C957FE000A05D31 /* Main.storyboard */,
				04934BBB2C957FE200A05D31 /* LaunchScreen.storyboard */,
				04934BC52C95814F00A05D31 /* AppDelegate.swift */,
				04934BC72C95814F00A05D31 /* ViewController.swift */,
				0401C1DB2C95DFB100542AB3 /* Localizable.strings */,
			);
			path = BaseModule;
			sourceTree = "<group>";
		};
		04934BC92C95814F00A05D31 /* History */ = {
			isa = PBXGroup;
			children = (
				0401C1D52C95DDF000542AB3 /* JNHistoryVC.swift */,
				0428AFAE2C9C16A000890024 /* PopupSelectionView.swift */,
				0428AFB02C9D197C00890024 /* JNSearchViewController.swift */,
			);
			path = History;
			sourceTree = "<group>";
		};
		04934BCA2C95814F00A05D31 /* JNTool */ = {
			isa = PBXGroup;
			children = (
				0401C1B52C95D30C00542AB3 /* Caches */,
				0401C1A42C959A5A00542AB3 /* Utils */,
				04934BD02C9583F200A05D31 /* JNDefine.swift */,
			);
			path = JNTool;
			sourceTree = "<group>";
		};
		04934BCB2C95814F00A05D31 /* third */ = {
			isa = PBXGroup;
			children = (
				040A31EC2C9F0548003A2059 /* cycleView */,
				040A31E72C9F0266003A2059 /* ProgressHUD */,
				04CC244A2C9EF44C007A79A3 /* PPTToImageTool */,
				04DC75952C9ADA8200A70D5C /* BTBubble */,
				0428AFB82C9DA1C200890024 /* JNPDFConvert-Bridging-Header.h */,
			);
			path = third;
			sourceTree = "<group>";
		};
		04934BCC2C95814F00A05D31 /* Home */ = {
			isa = PBXGroup;
			children = (
				0401C1D12C95DDCB00542AB3 /* HomeVC.swift */,
				040A31F62CA12024003A2059 /* sub */,
			);
			path = Home;
			sourceTree = "<group>";
		};
		04CC244A2C9EF44C007A79A3 /* PPTToImageTool */ = {
			isa = PBXGroup;
			children = (
				04CC244C2C9EF612007A79A3 /* JNFileToImageConverter.swift */,
			);
			path = PPTToImageTool;
			sourceTree = "<group>";
		};
		04DC75952C9ADA8200A70D5C /* BTBubble */ = {
			isa = PBXGroup;
			children = (
				04DC759F2C9AE57D00A70D5C /* BTBubble.swift */,
				04DC75A42C9AE57D00A70D5C /* BTBubble+Animation.swift */,
				04DC759E2C9AE57D00A70D5C /* BTBubble+Check.swift */,
				04DC75A12C9AE57D00A70D5C /* BTBubble+Draw.swift */,
				04DC75A52C9AE57D00A70D5C /* BTBubble+Location.swift */,
				04DC75A02C9AE57D00A70D5C /* BTBubble+Menu.swift */,
				04DC75A32C9AE57D00A70D5C /* BTBubbleConfig.swift */,
				04DC75A22C9AE57D00A70D5C /* BubbleTools.swift */,
			);
			path = BTBubble;
			sourceTree = "<group>";
		};
		C5881CF4E77A3B05A3E58E3D /* Pods */ = {
			isa = PBXGroup;
			children = (
				4415FF95B5387420C938B269 /* Pods-JNPDFConvert.debug.xcconfig */,
				4F6A63501624F15E5B73DFDB /* Pods-JNPDFConvert.release.xcconfig */,
			);
			path = Pods;
			sourceTree = "<group>";
		};
		DF6D6D64243998D6F7C938E3 /* Frameworks */ = {
			isa = PBXGroup;
			children = (
				5CF8042F63AC894EFCC32842 /* Pods_JNPDFConvert.framework */,
			);
			name = Frameworks;
			sourceTree = "<group>";
		};
/* End PBXGroup section */

/* Begin PBXNativeTarget section */
		04934BAC2C957FE000A05D31 /* JNPDFConvert */ = {
			isa = PBXNativeTarget;
			buildConfigurationList = 04934BC12C957FE200A05D31 /* Build configuration list for PBXNativeTarget "JNPDFConvert" */;
			buildPhases = (
				CAD93013CA54FFF6BB65CEAF /* [CP] Check Pods Manifest.lock */,
				04934BA92C957FE000A05D31 /* Sources */,
				04934BAA2C957FE000A05D31 /* Frameworks */,
				04934BAB2C957FE000A05D31 /* Resources */,
				E278E833B4DCA8BF850E20CB /* [CP] Embed Pods Frameworks */,
			);
			buildRules = (
			);
			dependencies = (
			);
			name = JNPDFConvert;
			productName = JNPDFConvert;
			productReference = 04934BAD2C957FE000A05D31 /* JNPDFConvert.app */;
			productType = "com.apple.product-type.application";
		};
/* End PBXNativeTarget section */

/* Begin PBXProject section */
		04934BA52C957FE000A05D31 /* Project object */ = {
			isa = PBXProject;
			attributes = {
				BuildIndependentTargetsInParallel = 1;
				LastSwiftUpdateCheck = 1540;
				LastUpgradeCheck = 1540;
				TargetAttributes = {
					04934BAC2C957FE000A05D31 = {
						CreatedOnToolsVersion = 15.4;
						LastSwiftMigration = 1540;
					};
				};
			};
			buildConfigurationList = 04934BA82C957FE000A05D31 /* Build configuration list for PBXProject "JNPDFConvert" */;
			compatibilityVersion = "Xcode 14.0";
			developmentRegion = en;
			hasScannedForEncodings = 0;
			knownRegions = (
				en,
				Base,
				"zh-Hans",
			);
			mainGroup = 04934BA42C957FE000A05D31;
			productRefGroup = 04934BAE2C957FE000A05D31 /* Products */;
			projectDirPath = "";
			projectRoot = "";
			targets = (
				04934BAC2C957FE000A05D31 /* JNPDFConvert */,
			);
		};
/* End PBXProject section */

/* Begin PBXResourcesBuildPhase section */
		04934BAB2C957FE000A05D31 /* Resources */ = {
			isa = PBXResourcesBuildPhase;
			buildActionMask = 2147483647;
			files = (
				04934BBA2C957FE200A05D31 /* Assets.xcassets in Resources */,
				0401C1DD2C95DFB100542AB3 /* Localizable.strings in Resources */,
				04934BBD2C957FE200A05D31 /* Base in Resources */,
				04934BB82C957FE000A05D31 /* Base in Resources */,
			);
			runOnlyForDeploymentPostprocessing = 0;
		};
/* End PBXResourcesBuildPhase section */

/* Begin PBXShellScriptBuildPhase section */
		CAD93013CA54FFF6BB65CEAF /* [CP] Check Pods Manifest.lock */ = {
			isa = PBXShellScriptBuildPhase;
			buildActionMask = 2147483647;
			files = (
			);
			inputFileListPaths = (
			);
			inputPaths = (
				"${PODS_PODFILE_DIR_PATH}/Podfile.lock",
				"${PODS_ROOT}/Manifest.lock",
			);
			name = "[CP] Check Pods Manifest.lock";
			outputFileListPaths = (
			);
			outputPaths = (
				"$(DERIVED_FILE_DIR)/Pods-JNPDFConvert-checkManifestLockResult.txt",
			);
			runOnlyForDeploymentPostprocessing = 0;
			shellPath = /bin/sh;
			shellScript = "diff \"${PODS_PODFILE_DIR_PATH}/Podfile.lock\" \"${PODS_ROOT}/Manifest.lock\" > /dev/null\nif [ $? != 0 ] ; then\n    # print error to STDERR\n    echo \"error: The sandbox is not in sync with the Podfile.lock. Run 'pod install' or update your CocoaPods installation.\" >&2\n    exit 1\nfi\n# This output is used by Xcode 'outputs' to avoid re-running this script phase.\necho \"SUCCESS\" > \"${SCRIPT_OUTPUT_FILE_0}\"\n";
			showEnvVarsInLog = 0;
		};
		E278E833B4DCA8BF850E20CB /* [CP] Embed Pods Frameworks */ = {
			isa = PBXShellScriptBuildPhase;
			buildActionMask = 2147483647;
			files = (
			);
			inputFileListPaths = (
				"${PODS_ROOT}/Target Support Files/Pods-JNPDFConvert/Pods-JNPDFConvert-frameworks-${CONFIGURATION}-input-files.xcfilelist",
			);
			name = "[CP] Embed Pods Frameworks";
			outputFileListPaths = (
				"${PODS_ROOT}/Target Support Files/Pods-JNPDFConvert/Pods-JNPDFConvert-frameworks-${CONFIGURATION}-output-files.xcfilelist",
			);
			runOnlyForDeploymentPostprocessing = 0;
			shellPath = /bin/sh;
			shellScript = "\"${PODS_ROOT}/Target Support Files/Pods-JNPDFConvert/Pods-JNPDFConvert-frameworks.sh\"\n";
			showEnvVarsInLog = 0;
		};
/* End PBXShellScriptBuildPhase section */

/* Begin PBXSourcesBuildPhase section */
		04934BA92C957FE000A05D31 /* Sources */ = {
			isa = PBXSourcesBuildPhase;
			buildActionMask = 2147483647;
			files = (
				04CC244D2C9EF612007A79A3 /* JNFileToImageConverter.swift in Sources */,
				0428AFAF2C9C16A000890024 /* PopupSelectionView.swift in Sources */,
				0401C1CE2C95DBC800542AB3 /* BaseNavigationController.swift in Sources */,
				04934BD12C9583F200A05D31 /* JNDefine.swift in Sources */,
				0428AFB42C9D227B00890024 /* JNUrlPopView.swift in Sources */,
				040A31ED2C9F0548003A2059 /* ZCycleLayout.swift in Sources */,
				0401C1C42C95D6BD00542AB3 /* VC+Extion.swift in Sources */,
				04934BCF2C95814F00A05D31 /* ViewController.swift in Sources */,
				0401C1C92C95DB5500542AB3 /* TabBarConfigure.swift in Sources */,
				0401C1AA2C95CE2300542AB3 /* UIView+Extion.swift in Sources */,
				04CC24472C9EDED2007A79A3 /* JNFileToPDFVC.swift in Sources */,
				040A31EF2C9F0548003A2059 /* ZPageControl.swift in Sources */,
				0401C1CA2C95DB5500542AB3 /* TabBarControllerConfig.swift in Sources */,
				040A31FA2CA15C0F003A2059 /* JNConversationVC.swift in Sources */,
				0401C1CB2C95DB5500542AB3 /* TabBar.swift in Sources */,
				0401C1C22C95D62C00542AB3 /* importHeader.swift in Sources */,
				04DC75A92C9AE57D00A70D5C /* BTBubble+Draw.swift in Sources */,
				0401C1D02C95DCCA00542AB3 /* UIFastCreatTool.swift in Sources */,
				04934BCD2C95814F00A05D31 /* AppDelegate.swift in Sources */,
				040A31EE2C9F0548003A2059 /* ZCycleView.swift in Sources */,
				0401C1AE2C95D1FF00542AB3 /* UILabel+Extion.swift in Sources */,
				04DC75AB2C9AE57D00A70D5C /* BTBubbleConfig.swift in Sources */,
				04DC75A82C9AE57D00A70D5C /* BTBubble+Menu.swift in Sources */,
				0428AFB72C9D9FF300890024 /* JNWebToPDFVC.swift in Sources */,
				0401C1BE2C95D44700542AB3 /* BaseViewController.swift in Sources */,
				04DC75AD2C9AE57D00A70D5C /* BTBubble+Location.swift in Sources */,
				040A31F12C9F0710003A2059 /* GCD+Extion.swift in Sources */,
				040A31F32C9F13A9003A2059 /* ImageGalleryViewController.swift in Sources */,
				0401C1B62C95D30C00542AB3 /* Storage.swift in Sources */,
				04DC758C2C9AC4CF00A70D5C /* UIimage+Extion.swift in Sources */,
				0401C1B12C95D29500542AB3 /* NSObject+Extension.swift in Sources */,
				0401C1CC2C95DB5500542AB3 /* TabBarController.swift in Sources */,
				04DC75A72C9AE57D00A70D5C /* BTBubble.swift in Sources */,
				040A31F52C9FCCF9003A2059 /* PDFToSingleImageConverter.swift in Sources */,
				0401C1A82C959D2000542AB3 /* UIConfig.swift in Sources */,
				0428AFB12C9D197C00890024 /* JNSearchViewController.swift in Sources */,
				04DC75A62C9AE57D00A70D5C /* BTBubble+Check.swift in Sources */,
				0401C1A62C959A7100542AB3 /* AppUtil.swift in Sources */,
				040A31FC2CA16527003A2059 /* tableViewCell+Extion.swift in Sources */,
				0401C1D82C95DE8E00542AB3 /* NSString+Extion.swift in Sources */,
				040A31F82CA12060003A2059 /* JNPictureChooseVC.swift in Sources */,
				0401C1BD2C95D44700542AB3 /* BaseSimpleViewController.swift in Sources */,
				0401C1D62C95DDF000542AB3 /* JNHistoryVC.swift in Sources */,
				04DC75AA2C9AE57D00A70D5C /* BubbleTools.swift in Sources */,
				040A31E82C9F0266003A2059 /* ProgressHUD.swift in Sources */,
				0401C1AC2C95CED800542AB3 /* UIColor+Extion.swift in Sources */,
				0401C1D22C95DDCB00542AB3 /* HomeVC.swift in Sources */,
				0401C1B22C95D29500542AB3 /* UIimage+Extension.swift in Sources */,
				0401C1B72C95D30C00542AB3 /* StorageManager.swift in Sources */,
				04DC75AC2C9AE57D00A70D5C /* BTBubble+Animation.swift in Sources */,
				0401C1D42C95DDDC00542AB3 /* AllToolsVC.swift in Sources */,
				0401C1C02C95D55200542AB3 /* WRCustomNavigationBar.swift in Sources */,
			);
			runOnlyForDeploymentPostprocessing = 0;
		};
/* End PBXSourcesBuildPhase section */

/* Begin PBXVariantGroup section */
		0401C1DB2C95DFB100542AB3 /* Localizable.strings */ = {
			isa = PBXVariantGroup;
			children = (
				0401C1DC2C95DFB100542AB3 /* en */,
				0401C1DE2C95DFCC00542AB3 /* zh-Hans */,
			);
			name = Localizable.strings;
			sourceTree = "<group>";
		};
		04934BB62C957FE000A05D31 /* Main.storyboard */ = {
			isa = PBXVariantGroup;
			children = (
				04934BB72C957FE000A05D31 /* Base */,
				0401C1D92C95DF5A00542AB3 /* zh-Hans */,
			);
			name = Main.storyboard;
			sourceTree = "<group>";
		};
		04934BBB2C957FE200A05D31 /* LaunchScreen.storyboard */ = {
			isa = PBXVariantGroup;
			children = (
				04934BBC2C957FE200A05D31 /* Base */,
				0401C1DA2C95DF5A00542AB3 /* zh-Hans */,
			);
			name = LaunchScreen.storyboard;
			sourceTree = "<group>";
		};
/* End PBXVariantGroup section */

/* Begin XCBuildConfiguration section */
		04934BBF2C957FE200A05D31 /* Debug */ = {
			isa = XCBuildConfiguration;
			buildSettings = {
				ALWAYS_SEARCH_USER_PATHS = NO;
				ASSETCATALOG_COMPILER_GENERATE_SWIFT_ASSET_SYMBOL_EXTENSIONS = YES;
				CLANG_ANALYZER_LOCALIZABILITY_NONLOCALIZED = YES;
				CLANG_ANALYZER_NONNULL = YES;
				CLANG_ANALYZER_NUMBER_OBJECT_CONVERSION = YES_AGGRESSIVE;
				CLANG_CXX_LANGUAGE_STANDARD = "gnu++20";
				CLANG_ENABLE_MODULES = YES;
				CLANG_ENABLE_OBJC_ARC = YES;
				CLANG_ENABLE_OBJC_WEAK = YES;
				CLANG_WARN_BLOCK_CAPTURE_AUTORELEASING = YES;
				CLANG_WARN_BOOL_CONVERSION = YES;
				CLANG_WARN_COMMA = YES;
				CLANG_WARN_CONSTANT_CONVERSION = YES;
				CLANG_WARN_DEPRECATED_OBJC_IMPLEMENTATIONS = YES;
				CLANG_WARN_DIRECT_OBJC_ISA_USAGE = YES_ERROR;
				CLANG_WARN_DOCUMENTATION_COMMENTS = YES;
				CLANG_WARN_EMPTY_BODY = YES;
				CLANG_WARN_ENUM_CONVERSION = YES;
				CLANG_WARN_INFINITE_RECURSION = YES;
				CLANG_WARN_INT_CONVERSION = YES;
				CLANG_WARN_NON_LITERAL_NULL_CONVERSION = YES;
				CLANG_WARN_OBJC_IMPLICIT_RETAIN_SELF = YES;
				CLANG_WARN_OBJC_LITERAL_CONVERSION = YES;
				CLANG_WARN_OBJC_ROOT_CLASS = YES_ERROR;
				CLANG_WARN_QUOTED_INCLUDE_IN_FRAMEWORK_HEADER = YES;
				CLANG_WARN_RANGE_LOOP_ANALYSIS = YES;
				CLANG_WARN_STRICT_PROTOTYPES = YES;
				CLANG_WARN_SUSPICIOUS_MOVE = YES;
				CLANG_WARN_UNGUARDED_AVAILABILITY = YES_AGGRESSIVE;
				CLANG_WARN_UNREACHABLE_CODE = YES;
				CLANG_WARN__DUPLICATE_METHOD_MATCH = YES;
				COPY_PHASE_STRIP = NO;
				DEBUG_INFORMATION_FORMAT = dwarf;
				ENABLE_STRICT_OBJC_MSGSEND = YES;
				ENABLE_TESTABILITY = YES;
				ENABLE_USER_SCRIPT_SANDBOXING = YES;
				GCC_C_LANGUAGE_STANDARD = gnu17;
				GCC_DYNAMIC_NO_PIC = NO;
				GCC_NO_COMMON_BLOCKS = YES;
				GCC_OPTIMIZATION_LEVEL = 0;
				GCC_PREPROCESSOR_DEFINITIONS = (
					"DEBUG=1",
					"$(inherited)",
				);
				GCC_WARN_64_TO_32_BIT_CONVERSION = YES;
				GCC_WARN_ABOUT_RETURN_TYPE = YES_ERROR;
				GCC_WARN_UNDECLARED_SELECTOR = YES;
				GCC_WARN_UNINITIALIZED_AUTOS = YES_AGGRESSIVE;
				GCC_WARN_UNUSED_FUNCTION = YES;
				GCC_WARN_UNUSED_VARIABLE = YES;
				IPHONEOS_DEPLOYMENT_TARGET = 17.5;
				LOCALIZATION_PREFERS_STRING_CATALOGS = YES;
				MTL_ENABLE_DEBUG_INFO = INCLUDE_SOURCE;
				MTL_FAST_MATH = YES;
				ONLY_ACTIVE_ARCH = YES;
				SDKROOT = iphoneos;
				SWIFT_ACTIVE_COMPILATION_CONDITIONS = "DEBUG $(inherited)";
				SWIFT_OPTIMIZATION_LEVEL = "-Onone";
			};
			name = Debug;
		};
		04934BC02C957FE200A05D31 /* Release */ = {
			isa = XCBuildConfiguration;
			buildSettings = {
				ALWAYS_SEARCH_USER_PATHS = NO;
				ASSETCATALOG_COMPILER_GENERATE_SWIFT_ASSET_SYMBOL_EXTENSIONS = YES;
				CLANG_ANALYZER_LOCALIZABILITY_NONLOCALIZED = YES;
				CLANG_ANALYZER_NONNULL = YES;
				CLANG_ANALYZER_NUMBER_OBJECT_CONVERSION = YES_AGGRESSIVE;
				CLANG_CXX_LANGUAGE_STANDARD = "gnu++20";
				CLANG_ENABLE_MODULES = YES;
				CLANG_ENABLE_OBJC_ARC = YES;
				CLANG_ENABLE_OBJC_WEAK = YES;
				CLANG_WARN_BLOCK_CAPTURE_AUTORELEASING = YES;
				CLANG_WARN_BOOL_CONVERSION = YES;
				CLANG_WARN_COMMA = YES;
				CLANG_WARN_CONSTANT_CONVERSION = YES;
				CLANG_WARN_DEPRECATED_OBJC_IMPLEMENTATIONS = YES;
				CLANG_WARN_DIRECT_OBJC_ISA_USAGE = YES_ERROR;
				CLANG_WARN_DOCUMENTATION_COMMENTS = YES;
				CLANG_WARN_EMPTY_BODY = YES;
				CLANG_WARN_ENUM_CONVERSION = YES;
				CLANG_WARN_INFINITE_RECURSION = YES;
				CLANG_WARN_INT_CONVERSION = YES;
				CLANG_WARN_NON_LITERAL_NULL_CONVERSION = YES;
				CLANG_WARN_OBJC_IMPLICIT_RETAIN_SELF = YES;
				CLANG_WARN_OBJC_LITERAL_CONVERSION = YES;
				CLANG_WARN_OBJC_ROOT_CLASS = YES_ERROR;
				CLANG_WARN_QUOTED_INCLUDE_IN_FRAMEWORK_HEADER = YES;
				CLANG_WARN_RANGE_LOOP_ANALYSIS = YES;
				CLANG_WARN_STRICT_PROTOTYPES = YES;
				CLANG_WARN_SUSPICIOUS_MOVE = YES;
				CLANG_WARN_UNGUARDED_AVAILABILITY = YES_AGGRESSIVE;
				CLANG_WARN_UNREACHABLE_CODE = YES;
				CLANG_WARN__DUPLICATE_METHOD_MATCH = YES;
				COPY_PHASE_STRIP = NO;
				DEBUG_INFORMATION_FORMAT = "dwarf-with-dsym";
				ENABLE_NS_ASSERTIONS = NO;
				ENABLE_STRICT_OBJC_MSGSEND = YES;
				ENABLE_USER_SCRIPT_SANDBOXING = YES;
				GCC_C_LANGUAGE_STANDARD = gnu17;
				GCC_NO_COMMON_BLOCKS = YES;
				GCC_WARN_64_TO_32_BIT_CONVERSION = YES;
				GCC_WARN_ABOUT_RETURN_TYPE = YES_ERROR;
				GCC_WARN_UNDECLARED_SELECTOR = YES;
				GCC_WARN_UNINITIALIZED_AUTOS = YES_AGGRESSIVE;
				GCC_WARN_UNUSED_FUNCTION = YES;
				GCC_WARN_UNUSED_VARIABLE = YES;
				IPHONEOS_DEPLOYMENT_TARGET = 17.5;
				LOCALIZATION_PREFERS_STRING_CATALOGS = YES;
				MTL_ENABLE_DEBUG_INFO = NO;
				MTL_FAST_MATH = YES;
				SDKROOT = iphoneos;
				SWIFT_COMPILATION_MODE = wholemodule;
				VALIDATE_PRODUCT = YES;
			};
			name = Release;
		};
		04934BC22C957FE200A05D31 /* Debug */ = {
			isa = XCBuildConfiguration;
			baseConfigurationReference = 4415FF95B5387420C938B269 /* Pods-JNPDFConvert.debug.xcconfig */;
			buildSettings = {
				ASSETCATALOG_COMPILER_APPICON_NAME = AppIcon;
				ASSETCATALOG_COMPILER_GLOBAL_ACCENT_COLOR_NAME = AccentColor;
				CLANG_ENABLE_MODULES = YES;
				"CODE_SIGN_IDENTITY[sdk=iphoneos*]" = "iPhone Developer";
				CODE_SIGN_STYLE = Manual;
				CURRENT_PROJECT_VERSION = 1;
				DEVELOPMENT_TEAM = "";
				"DEVELOPMENT_TEAM[sdk=iphoneos*]" = ZXK7A2YS9X;
				ENABLE_USER_SCRIPT_SANDBOXING = NO;
				GENERATE_INFOPLIST_FILE = YES;
				INFOPLIST_FILE = JNPDFConvert/Info.plist;
				INFOPLIST_KEY_NSCameraUsageDescription = "Would like to access your camera in order to scan documents with your device.";
				INFOPLIST_KEY_NSPhotoLibraryAddUsageDescription = "Would like to access your photo library in order to scan documents with your device.";
				INFOPLIST_KEY_NSPhotoLibraryUsageDescription = "Would like to access your photo library in order to scan documents with your device.";
				INFOPLIST_KEY_UIApplicationSupportsIndirectInputEvents = YES;
				INFOPLIST_KEY_UILaunchStoryboardName = LaunchScreen;
				INFOPLIST_KEY_UIMainStoryboardFile = Main;
				INFOPLIST_KEY_UISupportedInterfaceOrientations = UIInterfaceOrientationPortrait;
				INFOPLIST_KEY_UISupportedInterfaceOrientations_iPad = "UIInterfaceOrientationLandscapeLeft UIInterfaceOrientationLandscapeRight UIInterfaceOrientationPortrait UIInterfaceOrientationPortraitUpsideDown";
				IPHONEOS_DEPLOYMENT_TARGET = 13.0;
				LD_RUNPATH_SEARCH_PATHS = (
					"$(inherited)",
					"@executable_path/Frameworks",
				);
				MARKETING_VERSION = 1.0;
				PRODUCT_BUNDLE_IDENTIFIER = com.zzh.autoclicker;
				PRODUCT_NAME = "$(TARGET_NAME)";
				PROVISIONING_PROFILE_SPECIFIER = "";
				"PROVISIONING_PROFILE_SPECIFIER[sdk=iphoneos*]" = autoclicker_dev;
				SUPPORTED_PLATFORMS = "iphoneos iphonesimulator";
				SUPPORTS_MACCATALYST = NO;
				SUPPORTS_MAC_DESIGNED_FOR_IPHONE_IPAD = NO;
				SUPPORTS_XR_DESIGNED_FOR_IPHONE_IPAD = NO;
				SWIFT_EMIT_LOC_STRINGS = YES;
				SWIFT_OBJC_BRIDGING_HEADER = "JNPDFConvert/third/JNPDFConvert-Bridging-Header.h";
				SWIFT_OPTIMIZATION_LEVEL = "-Onone";
				SWIFT_VERSION = 5.0;
				TARGETED_DEVICE_FAMILY = 1;
			};
			name = Debug;
		};
		04934BC32C957FE200A05D31 /* Release */ = {
			isa = XCBuildConfiguration;
			baseConfigurationReference = 4F6A63501624F15E5B73DFDB /* Pods-JNPDFConvert.release.xcconfig */;
			buildSettings = {
				ASSETCATALOG_COMPILER_APPICON_NAME = AppIcon;
				ASSETCATALOG_COMPILER_GLOBAL_ACCENT_COLOR_NAME = AccentColor;
				CLANG_ENABLE_MODULES = YES;
				"CODE_SIGN_IDENTITY[sdk=iphoneos*]" = "iPhone Developer";
				CODE_SIGN_STYLE = Manual;
				CURRENT_PROJECT_VERSION = 1;
				DEVELOPMENT_TEAM = "";
				"DEVELOPMENT_TEAM[sdk=iphoneos*]" = ZXK7A2YS9X;
				ENABLE_USER_SCRIPT_SANDBOXING = NO;
				GENERATE_INFOPLIST_FILE = YES;
				INFOPLIST_FILE = JNPDFConvert/Info.plist;
				INFOPLIST_KEY_NSCameraUsageDescription = "Would like to access your camera in order to scan documents with your device.";
				INFOPLIST_KEY_NSPhotoLibraryAddUsageDescription = "Would like to access your photo library in order to scan documents with your device.";
				INFOPLIST_KEY_NSPhotoLibraryUsageDescription = "Would like to access your photo library in order to scan documents with your device.";
				INFOPLIST_KEY_UIApplicationSupportsIndirectInputEvents = YES;
				INFOPLIST_KEY_UILaunchStoryboardName = LaunchScreen;
				INFOPLIST_KEY_UIMainStoryboardFile = Main;
				INFOPLIST_KEY_UISupportedInterfaceOrientations = UIInterfaceOrientationPortrait;
				INFOPLIST_KEY_UISupportedInterfaceOrientations_iPad = "UIInterfaceOrientationLandscapeLeft UIInterfaceOrientationLandscapeRight UIInterfaceOrientationPortrait UIInterfaceOrientationPortraitUpsideDown";
				IPHONEOS_DEPLOYMENT_TARGET = 13.0;
				LD_RUNPATH_SEARCH_PATHS = (
					"$(inherited)",
					"@executable_path/Frameworks",
				);
				MARKETING_VERSION = 1.0;
				PRODUCT_BUNDLE_IDENTIFIER = com.zzh.autoclicker;
				PRODUCT_NAME = "$(TARGET_NAME)";
				PROVISIONING_PROFILE_SPECIFIER = "";
				"PROVISIONING_PROFILE_SPECIFIER[sdk=iphoneos*]" = autoclicker_dev;
				SUPPORTED_PLATFORMS = "iphoneos iphonesimulator";
				SUPPORTS_MACCATALYST = NO;
				SUPPORTS_MAC_DESIGNED_FOR_IPHONE_IPAD = NO;
				SUPPORTS_XR_DESIGNED_FOR_IPHONE_IPAD = NO;
				SWIFT_EMIT_LOC_STRINGS = YES;
				SWIFT_OBJC_BRIDGING_HEADER = "JNPDFConvert/third/JNPDFConvert-Bridging-Header.h";
				SWIFT_VERSION = 5.0;
				TARGETED_DEVICE_FAMILY = 1;
			};
			name = Release;
		};
/* End XCBuildConfiguration section */

/* Begin XCConfigurationList section */
		04934BA82C957FE000A05D31 /* Build configuration list for PBXProject "JNPDFConvert" */ = {
			isa = XCConfigurationList;
			buildConfigurations = (
				04934BBF2C957FE200A05D31 /* Debug */,
				04934BC02C957FE200A05D31 /* Release */,
			);
			defaultConfigurationIsVisible = 0;
			defaultConfigurationName = Release;
		};
		04934BC12C957FE200A05D31 /* Build configuration list for PBXNativeTarget "JNPDFConvert" */ = {
			isa = XCConfigurationList;
			buildConfigurations = (
				04934BC22C957FE200A05D31 /* Debug */,
				04934BC32C957FE200A05D31 /* Release */,
			);
			defaultConfigurationIsVisible = 0;
			defaultConfigurationName = Release;
		};
/* End XCConfigurationList section */
	};
	rootObject = 04934BA52C957FE000A05D31 /* Project object */;
}
