// !$*UTF8*$!
{
	archiveVersion = 1;
	classes = {
	};
	objectVersion = 56;
	objects = {

/* Begin PBXBuildFile section */
		0401C1A62C959A7100542AB3 /* AppUtil.swift in Sources */ = {isa = PBXBuildFile; fileRef = 0401C1A52C959A7100542AB3 /* AppUtil.swift */; };
		0401C1A82C959D2000542AB3 /* UIConfig.swift in Sources */ = {isa = PBXBuildFile; fileRef = 0401C1A72C959D2000542AB3 /* UIConfig.swift */; };
		04934BB82C957FE000A05D31 /* Base in Resources */ = {isa = PBXBuildFile; fileRef = 04934BB72C957FE000A05D31 /* Base */; };
		04934BBA2C957FE200A05D31 /* Assets.xcassets in Resources */ = {isa = PBXBuildFile; fileRef = 04934BB92C957FE200A05D31 /* Assets.xcassets */; };
		04934BBD2C957FE200A05D31 /* Base in Resources */ = {isa = PBXBuildFile; fileRef = 04934BBC2C957FE200A05D31 /* Base */; };
		04934BCD2C95814F00A05D31 /* AppDelegate.swift in Sources */ = {isa = PBXBuildFile; fileRef = 04934BC52C95814F00A05D31 /* AppDelegate.swift */; };
		04934BCE2C95814F00A05D31 /* SceneDelegate.swift in Sources */ = {isa = PBXBuildFile; fileRef = 04934BC62C95814F00A05D31 /* SceneDelegate.swift */; };
		04934BCF2C95814F00A05D31 /* ViewController.swift in Sources */ = {isa = PBXBuildFile; fileRef = 04934BC72C95814F00A05D31 /* ViewController.swift */; };
		04934BD12C9583F200A05D31 /* JNDefine.swift in Sources */ = {isa = PBXBuildFile; fileRef = 04934BD02C9583F200A05D31 /* JNDefine.swift */; };
		F50FA60A2CF6BFCB400179CE /* Pods_JNPDFConvert.framework in Frameworks */ = {isa = PBXBuildFile; fileRef = 5CF8042F63AC894EFCC32842 /* Pods_JNPDFConvert.framework */; };
/* End PBXBuildFile section */

/* Begin PBXFileReference section */
		0401C1A52C959A7100542AB3 /* AppUtil.swift */ = {isa = PBXFileReference; lastKnownFileType = sourcecode.swift; path = AppUtil.swift; sourceTree = "<group>"; };
		0401C1A72C959D2000542AB3 /* UIConfig.swift */ = {isa = PBXFileReference; lastKnownFileType = sourcecode.swift; path = UIConfig.swift; sourceTree = "<group>"; };
		04934BAD2C957FE000A05D31 /* JNPDFConvert.app */ = {isa = PBXFileReference; explicitFileType = wrapper.application; includeInIndex = 0; path = JNPDFConvert.app; sourceTree = BUILT_PRODUCTS_DIR; };
		04934BB72C957FE000A05D31 /* Base */ = {isa = PBXFileReference; lastKnownFileType = file.storyboard; name = Base; path = Base.lproj/Main.storyboard; sourceTree = "<group>"; };
		04934BB92C957FE200A05D31 /* Assets.xcassets */ = {isa = PBXFileReference; lastKnownFileType = folder.assetcatalog; path = Assets.xcassets; sourceTree = "<group>"; };
		04934BBC2C957FE200A05D31 /* Base */ = {isa = PBXFileReference; lastKnownFileType = file.storyboard; name = Base; path = Base.lproj/LaunchScreen.storyboard; sourceTree = "<group>"; };
		04934BBE2C957FE200A05D31 /* Info.plist */ = {isa = PBXFileReference; lastKnownFileType = text.plist.xml; path = Info.plist; sourceTree = "<group>"; };
		04934BC52C95814F00A05D31 /* AppDelegate.swift */ = {isa = PBXFileReference; fileEncoding = 4; lastKnownFileType = sourcecode.swift; path = AppDelegate.swift; sourceTree = "<group>"; };
		04934BC62C95814F00A05D31 /* SceneDelegate.swift */ = {isa = PBXFileReference; fileEncoding = 4; lastKnownFileType = sourcecode.swift; path = SceneDelegate.swift; sourceTree = "<group>"; };
		04934BC72C95814F00A05D31 /* ViewController.swift */ = {isa = PBXFileReference; fileEncoding = 4; lastKnownFileType = sourcecode.swift; path = ViewController.swift; sourceTree = "<group>"; };
		04934BD02C9583F200A05D31 /* JNDefine.swift */ = {isa = PBXFileReference; lastKnownFileType = sourcecode.swift; path = JNDefine.swift; sourceTree = "<group>"; };
		4415FF95B5387420C938B269 /* Pods-JNPDFConvert.debug.xcconfig */ = {isa = PBXFileReference; includeInIndex = 1; lastKnownFileType = text.xcconfig; name = "Pods-JNPDFConvert.debug.xcconfig"; path = "Target Support Files/Pods-JNPDFConvert/Pods-JNPDFConvert.debug.xcconfig"; sourceTree = "<group>"; };
		4F6A63501624F15E5B73DFDB /* Pods-JNPDFConvert.release.xcconfig */ = {isa = PBXFileReference; includeInIndex = 1; lastKnownFileType = text.xcconfig; name = "Pods-JNPDFConvert.release.xcconfig"; path = "Target Support Files/Pods-JNPDFConvert/Pods-JNPDFConvert.release.xcconfig"; sourceTree = "<group>"; };
		5CF8042F63AC894EFCC32842 /* Pods_JNPDFConvert.framework */ = {isa = PBXFileReference; explicitFileType = wrapper.framework; includeInIndex = 0; path = Pods_JNPDFConvert.framework; sourceTree = BUILT_PRODUCTS_DIR; };
/* End PBXFileReference section */

/* Begin PBXFrameworksBuildPhase section */
		04934BAA2C957FE000A05D31 /* Frameworks */ = {
			isa = PBXFrameworksBuildPhase;
			buildActionMask = 2147483647;
			files = (
				F50FA60A2CF6BFCB400179CE /* Pods_JNPDFConvert.framework in Frameworks */,
			);
			runOnlyForDeploymentPostprocessing = 0;
		};
/* End PBXFrameworksBuildPhase section */

/* Begin PBXGroup section */
		0401C1A42C959A5A00542AB3 /* Utils */ = {
			isa = PBXGroup;
			children = (
				0401C1A52C959A7100542AB3 /* AppUtil.swift */,
				0401C1A72C959D2000542AB3 /* UIConfig.swift */,
			);
			path = Utils;
			sourceTree = "<group>";
		};
		04934BA42C957FE000A05D31 = {
			isa = PBXGroup;
			children = (
				04934BAF2C957FE000A05D31 /* JNPDFConvert */,
				04934BAE2C957FE000A05D31 /* Products */,
				C5881CF4E77A3B05A3E58E3D /* Pods */,
				DF6D6D64243998D6F7C938E3 /* Frameworks */,
			);
			sourceTree = "<group>";
		};
		04934BAE2C957FE000A05D31 /* Products */ = {
			isa = PBXGroup;
			children = (
				04934BAD2C957FE000A05D31 /* JNPDFConvert.app */,
			);
			name = Products;
			sourceTree = "<group>";
		};
		04934BAF2C957FE000A05D31 /* JNPDFConvert */ = {
			isa = PBXGroup;
			children = (
				04934BC82C95814F00A05D31 /* BaseModule */,
				04934BC42C95814F00A05D31 /* All Tools */,
				04934BCC2C95814F00A05D31 /* Home */,
				04934BC92C95814F00A05D31 /* History */,
				04934BCA2C95814F00A05D31 /* JNTool */,
				04934BCB2C95814F00A05D31 /* third */,
				04934BBE2C957FE200A05D31 /* Info.plist */,
				04934BB92C957FE200A05D31 /* Assets.xcassets */,
			);
			path = JNPDFConvert;
			sourceTree = "<group>";
		};
		04934BC42C95814F00A05D31 /* All Tools */ = {
			isa = PBXGroup;
			children = (
			);
			path = "All Tools";
			sourceTree = "<group>";
		};
		04934BC82C95814F00A05D31 /* BaseModule */ = {
			isa = PBXGroup;
			children = (
				04934BB62C957FE000A05D31 /* Main.storyboard */,
				04934BBB2C957FE200A05D31 /* LaunchScreen.storyboard */,
				04934BC52C95814F00A05D31 /* AppDelegate.swift */,
				04934BC62C95814F00A05D31 /* SceneDelegate.swift */,
				04934BC72C95814F00A05D31 /* ViewController.swift */,
			);
			path = BaseModule;
			sourceTree = "<group>";
		};
		04934BC92C95814F00A05D31 /* History */ = {
			isa = PBXGroup;
			children = (
			);
			path = History;
			sourceTree = "<group>";
		};
		04934BCA2C95814F00A05D31 /* JNTool */ = {
			isa = PBXGroup;
			children = (
				0401C1A42C959A5A00542AB3 /* Utils */,
				04934BD02C9583F200A05D31 /* JNDefine.swift */,
			);
			path = JNTool;
			sourceTree = "<group>";
		};
		04934BCB2C95814F00A05D31 /* third */ = {
			isa = PBXGroup;
			children = (
			);
			path = third;
			sourceTree = "<group>";
		};
		04934BCC2C95814F00A05D31 /* Home */ = {
			isa = PBXGroup;
			children = (
			);
			path = Home;
			sourceTree = "<group>";
		};
		C5881CF4E77A3B05A3E58E3D /* Pods */ = {
			isa = PBXGroup;
			children = (
				4415FF95B5387420C938B269 /* Pods-JNPDFConvert.debug.xcconfig */,
				4F6A63501624F15E5B73DFDB /* Pods-JNPDFConvert.release.xcconfig */,
			);
			path = Pods;
			sourceTree = "<group>";
		};
		DF6D6D64243998D6F7C938E3 /* Frameworks */ = {
			isa = PBXGroup;
			children = (
				5CF8042F63AC894EFCC32842 /* Pods_JNPDFConvert.framework */,
			);
			name = Frameworks;
			sourceTree = "<group>";
		};
/* End PBXGroup section */

/* Begin PBXNativeTarget section */
		04934BAC2C957FE000A05D31 /* JNPDFConvert */ = {
			isa = PBXNativeTarget;
			buildConfigurationList = 04934BC12C957FE200A05D31 /* Build configuration list for PBXNativeTarget "JNPDFConvert" */;
			buildPhases = (
				CAD93013CA54FFF6BB65CEAF /* [CP] Check Pods Manifest.lock */,
				04934BA92C957FE000A05D31 /* Sources */,
				04934BAA2C957FE000A05D31 /* Frameworks */,
				04934BAB2C957FE000A05D31 /* Resources */,
				E278E833B4DCA8BF850E20CB /* [CP] Embed Pods Frameworks */,
			);
			buildRules = (
			);
			dependencies = (
			);
			name = JNPDFConvert;
			productName = JNPDFConvert;
			productReference = 04934BAD2C957FE000A05D31 /* JNPDFConvert.app */;
			productType = "com.apple.product-type.application";
		};
/* End PBXNativeTarget section */

/* Begin PBXProject section */
		04934BA52C957FE000A05D31 /* Project object */ = {
			isa = PBXProject;
			attributes = {
				BuildIndependentTargetsInParallel = 1;
				LastSwiftUpdateCheck = 1540;
				LastUpgradeCheck = 1540;
				TargetAttributes = {
					04934BAC2C957FE000A05D31 = {
						CreatedOnToolsVersion = 15.4;
					};
				};
			};
			buildConfigurationList = 04934BA82C957FE000A05D31 /* Build configuration list for PBXProject "JNPDFConvert" */;
			compatibilityVersion = "Xcode 14.0";
			developmentRegion = en;
			hasScannedForEncodings = 0;
			knownRegions = (
				en,
				Base,
			);
			mainGroup = 04934BA42C957FE000A05D31;
			productRefGroup = 04934BAE2C957FE000A05D31 /* Products */;
			projectDirPath = "";
			projectRoot = "";
			targets = (
				04934BAC2C957FE000A05D31 /* JNPDFConvert */,
			);
		};
/* End PBXProject section */

/* Begin PBXResourcesBuildPhase section */
		04934BAB2C957FE000A05D31 /* Resources */ = {
			isa = PBXResourcesBuildPhase;
			buildActionMask = 2147483647;
			files = (
				04934BBA2C957FE200A05D31 /* Assets.xcassets in Resources */,
				04934BBD2C957FE200A05D31 /* Base in Resources */,
				04934BB82C957FE000A05D31 /* Base in Resources */,
			);
			runOnlyForDeploymentPostprocessing = 0;
		};
/* End PBXResourcesBuildPhase section */

/* Begin PBXShellScriptBuildPhase section */
		CAD93013CA54FFF6BB65CEAF /* [CP] Check Pods Manifest.lock */ = {
			isa = PBXShellScriptBuildPhase;
			buildActionMask = 2147483647;
			files = (
			);
			inputFileListPaths = (
			);
			inputPaths = (
				"${PODS_PODFILE_DIR_PATH}/Podfile.lock",
				"${PODS_ROOT}/Manifest.lock",
			);
			name = "[CP] Check Pods Manifest.lock";
			outputFileListPaths = (
			);
			outputPaths = (
				"$(DERIVED_FILE_DIR)/Pods-JNPDFConvert-checkManifestLockResult.txt",
			);
			runOnlyForDeploymentPostprocessing = 0;
			shellPath = /bin/sh;
			shellScript = "diff \"${PODS_PODFILE_DIR_PATH}/Podfile.lock\" \"${PODS_ROOT}/Manifest.lock\" > /dev/null\nif [ $? != 0 ] ; then\n    # print error to STDERR\n    echo \"error: The sandbox is not in sync with the Podfile.lock. Run 'pod install' or update your CocoaPods installation.\" >&2\n    exit 1\nfi\n# This output is used by Xcode 'outputs' to avoid re-running this script phase.\necho \"SUCCESS\" > \"${SCRIPT_OUTPUT_FILE_0}\"\n";
			showEnvVarsInLog = 0;
		};
		E278E833B4DCA8BF850E20CB /* [CP] Embed Pods Frameworks */ = {
			isa = PBXShellScriptBuildPhase;
			buildActionMask = 2147483647;
			files = (
			);
			inputFileListPaths = (
				"${PODS_ROOT}/Target Support Files/Pods-JNPDFConvert/Pods-JNPDFConvert-frameworks-${CONFIGURATION}-input-files.xcfilelist",
			);
			name = "[CP] Embed Pods Frameworks";
			outputFileListPaths = (
				"${PODS_ROOT}/Target Support Files/Pods-JNPDFConvert/Pods-JNPDFConvert-frameworks-${CONFIGURATION}-output-files.xcfilelist",
			);
			runOnlyForDeploymentPostprocessing = 0;
			shellPath = /bin/sh;
			shellScript = "\"${PODS_ROOT}/Target Support Files/Pods-JNPDFConvert/Pods-JNPDFConvert-frameworks.sh\"\n";
			showEnvVarsInLog = 0;
		};
/* End PBXShellScriptBuildPhase section */

/* Begin PBXSourcesBuildPhase section */
		04934BA92C957FE000A05D31 /* Sources */ = {
			isa = PBXSourcesBuildPhase;
			buildActionMask = 2147483647;
			files = (
				04934BD12C9583F200A05D31 /* JNDefine.swift in Sources */,
				04934BCF2C95814F00A05D31 /* ViewController.swift in Sources */,
				04934BCD2C95814F00A05D31 /* AppDelegate.swift in Sources */,
				0401C1A82C959D2000542AB3 /* UIConfig.swift in Sources */,
				0401C1A62C959A7100542AB3 /* AppUtil.swift in Sources */,
				04934BCE2C95814F00A05D31 /* SceneDelegate.swift in Sources */,
			);
			runOnlyForDeploymentPostprocessing = 0;
		};
/* End PBXSourcesBuildPhase section */

/* Begin PBXVariantGroup section */
		04934BB62C957FE000A05D31 /* Main.storyboard */ = {
			isa = PBXVariantGroup;
			children = (
				04934BB72C957FE000A05D31 /* Base */,
			);
			name = Main.storyboard;
			sourceTree = "<group>";
		};
		04934BBB2C957FE200A05D31 /* LaunchScreen.storyboard */ = {
			isa = PBXVariantGroup;
			children = (
				04934BBC2C957FE200A05D31 /* Base */,
			);
			name = LaunchScreen.storyboard;
			sourceTree = "<group>";
		};
/* End PBXVariantGroup section */

/* Begin XCBuildConfiguration section */
		04934BBF2C957FE200A05D31 /* Debug */ = {
			isa = XCBuildConfiguration;
			buildSettings = {
				ALWAYS_SEARCH_USER_PATHS = NO;
				ASSETCATALOG_COMPILER_GENERATE_SWIFT_ASSET_SYMBOL_EXTENSIONS = YES;
				CLANG_ANALYZER_NONNULL = YES;
				CLANG_ANALYZER_NUMBER_OBJECT_CONVERSION = YES_AGGRESSIVE;
				CLANG_CXX_LANGUAGE_STANDARD = "gnu++20";
				CLANG_ENABLE_MODULES = YES;
				CLANG_ENABLE_OBJC_ARC = YES;
				CLANG_ENABLE_OBJC_WEAK = YES;
				CLANG_WARN_BLOCK_CAPTURE_AUTORELEASING = YES;
				CLANG_WARN_BOOL_CONVERSION = YES;
				CLANG_WARN_COMMA = YES;
				CLANG_WARN_CONSTANT_CONVERSION = YES;
				CLANG_WARN_DEPRECATED_OBJC_IMPLEMENTATIONS = YES;
				CLANG_WARN_DIRECT_OBJC_ISA_USAGE = YES_ERROR;
				CLANG_WARN_DOCUMENTATION_COMMENTS = YES;
				CLANG_WARN_EMPTY_BODY = YES;
				CLANG_WARN_ENUM_CONVERSION = YES;
				CLANG_WARN_INFINITE_RECURSION = YES;
				CLANG_WARN_INT_CONVERSION = YES;
				CLANG_WARN_NON_LITERAL_NULL_CONVERSION = YES;
				CLANG_WARN_OBJC_IMPLICIT_RETAIN_SELF = YES;
				CLANG_WARN_OBJC_LITERAL_CONVERSION = YES;
				CLANG_WARN_OBJC_ROOT_CLASS = YES_ERROR;
				CLANG_WARN_QUOTED_INCLUDE_IN_FRAMEWORK_HEADER = YES;
				CLANG_WARN_RANGE_LOOP_ANALYSIS = YES;
				CLANG_WARN_STRICT_PROTOTYPES = YES;
				CLANG_WARN_SUSPICIOUS_MOVE = YES;
				CLANG_WARN_UNGUARDED_AVAILABILITY = YES_AGGRESSIVE;
				CLANG_WARN_UNREACHABLE_CODE = YES;
				CLANG_WARN__DUPLICATE_METHOD_MATCH = YES;
				COPY_PHASE_STRIP = NO;
				DEBUG_INFORMATION_FORMAT = dwarf;
				ENABLE_STRICT_OBJC_MSGSEND = YES;
				ENABLE_TESTABILITY = YES;
				ENABLE_USER_SCRIPT_SANDBOXING = YES;
				GCC_C_LANGUAGE_STANDARD = gnu17;
				GCC_DYNAMIC_NO_PIC = NO;
				GCC_NO_COMMON_BLOCKS = YES;
				GCC_OPTIMIZATION_LEVEL = 0;
				GCC_PREPROCESSOR_DEFINITIONS = (
					"DEBUG=1",
					"$(inherited)",
				);
				GCC_WARN_64_TO_32_BIT_CONVERSION = YES;
				GCC_WARN_ABOUT_RETURN_TYPE = YES_ERROR;
				GCC_WARN_UNDECLARED_SELECTOR = YES;
				GCC_WARN_UNINITIALIZED_AUTOS = YES_AGGRESSIVE;
				GCC_WARN_UNUSED_FUNCTION = YES;
				GCC_WARN_UNUSED_VARIABLE = YES;
				IPHONEOS_DEPLOYMENT_TARGET = 17.5;
				LOCALIZATION_PREFERS_STRING_CATALOGS = YES;
				MTL_ENABLE_DEBUG_INFO = INCLUDE_SOURCE;
				MTL_FAST_MATH = YES;
				ONLY_ACTIVE_ARCH = YES;
				SDKROOT = iphoneos;
				SWIFT_ACTIVE_COMPILATION_CONDITIONS = "DEBUG $(inherited)";
				SWIFT_OPTIMIZATION_LEVEL = "-Onone";
			};
			name = Debug;
		};
		04934BC02C957FE200A05D31 /* Release */ = {
			isa = XCBuildConfiguration;
			buildSettings = {
				ALWAYS_SEARCH_USER_PATHS = NO;
				ASSETCATALOG_COMPILER_GENERATE_SWIFT_ASSET_SYMBOL_EXTENSIONS = YES;
				CLANG_ANALYZER_NONNULL = YES;
				CLANG_ANALYZER_NUMBER_OBJECT_CONVERSION = YES_AGGRESSIVE;
				CLANG_CXX_LANGUAGE_STANDARD = "gnu++20";
				CLANG_ENABLE_MODULES = YES;
				CLANG_ENABLE_OBJC_ARC = YES;
				CLANG_ENABLE_OBJC_WEAK = YES;
				CLANG_WARN_BLOCK_CAPTURE_AUTORELEASING = YES;
				CLANG_WARN_BOOL_CONVERSION = YES;
				CLANG_WARN_COMMA = YES;
				CLANG_WARN_CONSTANT_CONVERSION = YES;
				CLANG_WARN_DEPRECATED_OBJC_IMPLEMENTATIONS = YES;
				CLANG_WARN_DIRECT_OBJC_ISA_USAGE = YES_ERROR;
				CLANG_WARN_DOCUMENTATION_COMMENTS = YES;
				CLANG_WARN_EMPTY_BODY = YES;
				CLANG_WARN_ENUM_CONVERSION = YES;
				CLANG_WARN_INFINITE_RECURSION = YES;
				CLANG_WARN_INT_CONVERSION = YES;
				CLANG_WARN_NON_LITERAL_NULL_CONVERSION = YES;
				CLANG_WARN_OBJC_IMPLICIT_RETAIN_SELF = YES;
				CLANG_WARN_OBJC_LITERAL_CONVERSION = YES;
				CLANG_WARN_OBJC_ROOT_CLASS = YES_ERROR;
				CLANG_WARN_QUOTED_INCLUDE_IN_FRAMEWORK_HEADER = YES;
				CLANG_WARN_RANGE_LOOP_ANALYSIS = YES;
				CLANG_WARN_STRICT_PROTOTYPES = YES;
				CLANG_WARN_SUSPICIOUS_MOVE = YES;
				CLANG_WARN_UNGUARDED_AVAILABILITY = YES_AGGRESSIVE;
				CLANG_WARN_UNREACHABLE_CODE = YES;
				CLANG_WARN__DUPLICATE_METHOD_MATCH = YES;
				COPY_PHASE_STRIP = NO;
				DEBUG_INFORMATION_FORMAT = "dwarf-with-dsym";
				ENABLE_NS_ASSERTIONS = NO;
				ENABLE_STRICT_OBJC_MSGSEND = YES;
				ENABLE_USER_SCRIPT_SANDBOXING = YES;
				GCC_C_LANGUAGE_STANDARD = gnu17;
				GCC_NO_COMMON_BLOCKS = YES;
				GCC_WARN_64_TO_32_BIT_CONVERSION = YES;
				GCC_WARN_ABOUT_RETURN_TYPE = YES_ERROR;
				GCC_WARN_UNDECLARED_SELECTOR = YES;
				GCC_WARN_UNINITIALIZED_AUTOS = YES_AGGRESSIVE;
				GCC_WARN_UNUSED_FUNCTION = YES;
				GCC_WARN_UNUSED_VARIABLE = YES;
				IPHONEOS_DEPLOYMENT_TARGET = 17.5;
				LOCALIZATION_PREFERS_STRING_CATALOGS = YES;
				MTL_ENABLE_DEBUG_INFO = NO;
				MTL_FAST_MATH = YES;
				SDKROOT = iphoneos;
				SWIFT_COMPILATION_MODE = wholemodule;
				VALIDATE_PRODUCT = YES;
			};
			name = Release;
		};
		04934BC22C957FE200A05D31 /* Debug */ = {
			isa = XCBuildConfiguration;
			baseConfigurationReference = 4415FF95B5387420C938B269 /* Pods-JNPDFConvert.debug.xcconfig */;
			buildSettings = {
				ASSETCATALOG_COMPILER_APPICON_NAME = AppIcon;
				ASSETCATALOG_COMPILER_GLOBAL_ACCENT_COLOR_NAME = AccentColor;
				CODE_SIGN_STYLE = Automatic;
				CURRENT_PROJECT_VERSION = 1;
				ENABLE_USER_SCRIPT_SANDBOXING = NO;
				GENERATE_INFOPLIST_FILE = YES;
				INFOPLIST_FILE = JNPDFConvert/Info.plist;
				INFOPLIST_KEY_UIApplicationSupportsIndirectInputEvents = YES;
				INFOPLIST_KEY_UILaunchStoryboardName = LaunchScreen;
				INFOPLIST_KEY_UIMainStoryboardFile = Main;
				INFOPLIST_KEY_UISupportedInterfaceOrientations = UIInterfaceOrientationPortrait;
				INFOPLIST_KEY_UISupportedInterfaceOrientations_iPad = "UIInterfaceOrientationLandscapeLeft UIInterfaceOrientationLandscapeRight UIInterfaceOrientationPortrait UIInterfaceOrientationPortraitUpsideDown";
				IPHONEOS_DEPLOYMENT_TARGET = 13.0;
				LD_RUNPATH_SEARCH_PATHS = (
					"$(inherited)",
					"@executable_path/Frameworks",
				);
				MARKETING_VERSION = 1.0;
				PRODUCT_BUNDLE_IDENTIFIER = hebert.JNPDFConvert;
				PRODUCT_NAME = "$(TARGET_NAME)";
				SWIFT_EMIT_LOC_STRINGS = YES;
				SWIFT_VERSION = 5.0;
				TARGETED_DEVICE_FAMILY = "1,2";
			};
			name = Debug;
		};
		04934BC32C957FE200A05D31 /* Release */ = {
			isa = XCBuildConfiguration;
			baseConfigurationReference = 4F6A63501624F15E5B73DFDB /* Pods-JNPDFConvert.release.xcconfig */;
			buildSettings = {
				ASSETCATALOG_COMPILER_APPICON_NAME = AppIcon;
				ASSETCATALOG_COMPILER_GLOBAL_ACCENT_COLOR_NAME = AccentColor;
				CODE_SIGN_STYLE = Automatic;
				CURRENT_PROJECT_VERSION = 1;
				ENABLE_USER_SCRIPT_SANDBOXING = NO;
				GENERATE_INFOPLIST_FILE = YES;
				INFOPLIST_FILE = JNPDFConvert/Info.plist;
				INFOPLIST_KEY_UIApplicationSupportsIndirectInputEvents = YES;
				INFOPLIST_KEY_UILaunchStoryboardName = LaunchScreen;
				INFOPLIST_KEY_UIMainStoryboardFile = Main;
				INFOPLIST_KEY_UISupportedInterfaceOrientations = UIInterfaceOrientationPortrait;
				INFOPLIST_KEY_UISupportedInterfaceOrientations_iPad = "UIInterfaceOrientationLandscapeLeft UIInterfaceOrientationLandscapeRight UIInterfaceOrientationPortrait UIInterfaceOrientationPortraitUpsideDown";
				IPHONEOS_DEPLOYMENT_TARGET = 13.0;
				LD_RUNPATH_SEARCH_PATHS = (
					"$(inherited)",
					"@executable_path/Frameworks",
				);
				MARKETING_VERSION = 1.0;
				PRODUCT_BUNDLE_IDENTIFIER = hebert.JNPDFConvert;
				PRODUCT_NAME = "$(TARGET_NAME)";
				SWIFT_EMIT_LOC_STRINGS = YES;
				SWIFT_VERSION = 5.0;
				TARGETED_DEVICE_FAMILY = "1,2";
			};
			name = Release;
		};
/* End XCBuildConfiguration section */

/* Begin XCConfigurationList section */
		04934BA82C957FE000A05D31 /* Build configuration list for PBXProject "JNPDFConvert" */ = {
			isa = XCConfigurationList;
			buildConfigurations = (
				04934BBF2C957FE200A05D31 /* Debug */,
				04934BC02C957FE200A05D31 /* Release */,
			);
			defaultConfigurationIsVisible = 0;
			defaultConfigurationName = Release;
		};
		04934BC12C957FE200A05D31 /* Build configuration list for PBXNativeTarget "JNPDFConvert" */ = {
			isa = XCConfigurationList;
			buildConfigurations = (
				04934BC22C957FE200A05D31 /* Debug */,
				04934BC32C957FE200A05D31 /* Release */,
			);
			defaultConfigurationIsVisible = 0;
			defaultConfigurationName = Release;
		};
/* End XCConfigurationList section */
	};
	rootObject = 04934BA52C957FE000A05D31 /* Project object */;
}
